
Microsoft Visual Studio Solution File, Format Version 12.00
# Visual Studio Version 17
VisualStudioVersion = 17.0.31903.59
MinimumVisualStudioVersion = 10.0.40219.1
Project("{FAE04EC0-301F-11D3-BF4B-00C04F79EFBC}") = "SMMTracker.Domain", "SMMTracker.Domain\SMMTracker.Domain.csproj", "{89E399BB-1CFA-48D9-A211-0A84C46EFC87}"
EndProject
Project("{FAE04EC0-301F-11D3-BF4B-00C04F79EFBC}") = "SMMTracker.Application", "SMMTracker.Application\SMMTracker.Application.csproj", "{6848FC03-BBFA-49A6-9BB5-8BCCC4525BBC}"
EndProject
Project("{FAE04EC0-301F-11D3-BF4B-00C04F79EFBC}") = "SMMTracker.Infrastructure", "SMMTracker.Infrastructure\SMMTracker.Infrastructure.csproj", "{E2D8A0CC-9592-4C27-9878-7C2CE8EB34E3}"
EndProject
Project("{FAE04EC0-301F-11D3-BF4B-00C04F79EFBC}") = "SMMTracker.WebUI", "SMMTracker.WebUI\SMMTracker.WebUI.csproj", "{EE2782EF-590D-46BF-B940-CCA5B5871976}"
EndProject
Project("{FAE04EC0-301F-11D3-BF4B-00C04F79EFBC}") = "SMMTracker.TgBot", "SMMTracker.TgBot\SMMTracker.TgBot.csproj", "{D20F1E57-E29E-4EC8-8186-4AF4DCBAE151}"
EndProject
Project("{FAE04EC0-301F-11D3-BF4B-00C04F79EFBC}") = "SMMTracker.Tests", "SMMTracker.Tests\SMMTracker.Tests.csproj", "{45994086-8C18-4EFA-95BD-6421E395D3F0}"
EndProject
Global
	GlobalSection(SolutionConfigurationPlatforms) = preSolution
		Debug|Any CPU = Debug|Any CPU
		Release|Any CPU = Release|Any CPU
	EndGlobalSection
	GlobalSection(SolutionProperties) = preSolution
		HideSolutionNode = FALSE
	EndGlobalSection
	GlobalSection(ProjectConfigurationPlatforms) = postSolution
		{89E399BB-1CFA-48D9-A211-0A84C46EFC87}.Debug|Any CPU.ActiveCfg = Debug|Any CPU
		{89E399BB-1CFA-48D9-A211-0A84C46EFC87}.Debug|Any CPU.Build.0 = Debug|Any CPU
		{89E399BB-1CFA-48D9-A211-0A84C46EFC87}.Release|Any CPU.ActiveCfg = Release|Any CPU
		{89E399BB-1CFA-48D9-A211-0A84C46EFC87}.Release|Any CPU.Build.0 = Release|Any CPU
		{6848FC03-BBFA-49A6-9BB5-8BCCC4525BBC}.Debug|Any CPU.ActiveCfg = Debug|Any CPU
		{6848FC03-BBFA-49A6-9BB5-8BCCC4525BBC}.Debug|Any CPU.Build.0 = Debug|Any CPU
		{6848FC03-BBFA-49A6-9BB5-8BCCC4525BBC}.Release|Any CPU.ActiveCfg = Release|Any CPU
		{6848FC03-BBFA-49A6-9BB5-8BCCC4525BBC}.Release|Any CPU.Build.0 = Release|Any CPU
		{E2D8A0CC-9592-4C27-9878-7C2CE8EB34E3}.Debug|Any CPU.ActiveCfg = Debug|Any CPU
		{E2D8A0CC-9592-4C27-9878-7C2CE8EB34E3}.Debug|Any CPU.Build.0 = Debug|Any CPU
		{E2D8A0CC-9592-4C27-9878-7C2CE8EB34E3}.Release|Any CPU.ActiveCfg = Release|Any CPU
		{E2D8A0CC-9592-4C27-9878-7C2CE8EB34E3}.Release|Any CPU.Build.0 = Release|Any CPU
		{EE2782EF-590D-46BF-B940-CCA5B5871976}.Debug|Any CPU.ActiveCfg = Debug|Any CPU
		{EE2782EF-590D-46BF-B940-CCA5B5871976}.Debug|Any CPU.Build.0 = Debug|Any CPU
		{EE2782EF-590D-46BF-B940-CCA5B5871976}.Release|Any CPU.ActiveCfg = Release|Any CPU
		{EE2782EF-590D-46BF-B940-CCA5B5871976}.Release|Any CPU.Build.0 = Release|Any CPU
		{D20F1E57-E29E-4EC8-8186-4AF4DCBAE151}.Debug|Any CPU.ActiveCfg = Debug|Any CPU
		{D20F1E57-E29E-4EC8-8186-4AF4DCBAE151}.Debug|Any CPU.Build.0 = Debug|Any CPU
		{D20F1E57-E29E-4EC8-8186-4AF4DCBAE151}.Release|Any CPU.ActiveCfg = Release|Any CPU
		{D20F1E57-E29E-4EC8-8186-4AF4DCBAE151}.Release|Any CPU.Build.0 = Release|Any CPU
		{45994086-8C18-4EFA-95BD-6421E395D3F0}.Debug|Any CPU.ActiveCfg = Debug|Any CPU
		{45994086-8C18-4EFA-95BD-6421E395D3F0}.Debug|Any CPU.Build.0 = Debug|Any CPU
		{45994086-8C18-4EFA-95BD-6421E395D3F0}.Release|Any CPU.ActiveCfg = Release|Any CPU
		{45994086-8C18-4EFA-95BD-6421E395D3F0}.Release|Any CPU.Build.0 = Release|Any CPU
	EndGlobalSection
EndGlobal
